
Microsoft Visual Studio Solution File, Format Version 12.00
# Visual Studio Version 16
VisualStudioVersion = 16.0.31624.102
MinimumVisualStudioVersion = 10.0.40219.1
Project("{FAE04EC0-301F-11D3-BF4B-00C04F79EFBC}") = "1uzduotis", "1uzduotis\1uzduotis.csproj", "{EFD8FADC-2692-4A90-9E6C-C3C9AF1A1E20}"
EndProject
Project("{FAE04EC0-301F-11D3-BF4B-00C04F79EFBC}") = "5uzduotis", "5uzduotis\5uzduotis.csproj", "{01780954-E4DF-4A9E-81D2-3DDD71B25689}"
EndProject
Project("{FAE04EC0-301F-11D3-BF4B-00C04F79EFBC}") = "6uzduotis", "6uzduotis\6uzduotis.csproj", "{7592CE55-DC16-4A7E-BC5E-C868B7B21323}"
EndProject
Project("{FAE04EC0-301F-11D3-BF4B-00C04F79EFBC}") = "2uzduotis", "2uzduotis\2uzduotis.csproj", "{5AF983AE-8D6A-4D26-AA1D-DD3F3FC0E4A2}"
EndProject
Project("{FAE04EC0-301F-11D3-BF4B-00C04F79EFBC}") = "3uzduotis", "3uzduotis\3uzduotis.csproj", "{B2D0CC9E-4618-4D85-A0FF-5FC24D29ED46}"
EndProject
Project("{FAE04EC0-301F-11D3-BF4B-00C04F79EFBC}") = "4uzduotis", "4uzduotis\4uzduotis.csproj", "{E18923BB-5B96-416F-A8FD-91D8E4520707}"
EndProject
Project("{FAE04EC0-301F-11D3-BF4B-00C04F79EFBC}") = "7uzduotis", "7uzduotis\7uzduotis.csproj", "{AD124C80-698D-4C6A-A60B-DCA19308443C}"
EndProject
Project("{FAE04EC0-301F-11D3-BF4B-00C04F79EFBC}") = "8uzduotis", "8uzduotis\8uzduotis.csproj", "{D79D0546-41AB-4A07-A862-AD127A58CFFC}"
EndProject
Global
	GlobalSection(SolutionConfigurationPlatforms) = preSolution
		Debug|Any CPU = Debug|Any CPU
		Release|Any CPU = Release|Any CPU
	EndGlobalSection
	GlobalSection(ProjectConfigurationPlatforms) = postSolution
		{EFD8FADC-2692-4A90-9E6C-C3C9AF1A1E20}.Debug|Any CPU.ActiveCfg = Debug|Any CPU
		{EFD8FADC-2692-4A90-9E6C-C3C9AF1A1E20}.Debug|Any CPU.Build.0 = Debug|Any CPU
		{EFD8FADC-2692-4A90-9E6C-C3C9AF1A1E20}.Release|Any CPU.ActiveCfg = Release|Any CPU
		{EFD8FADC-2692-4A90-9E6C-C3C9AF1A1E20}.Release|Any CPU.Build.0 = Release|Any CPU
		{01780954-E4DF-4A9E-81D2-3DDD71B25689}.Debug|Any CPU.ActiveCfg = Debug|Any CPU
		{01780954-E4DF-4A9E-81D2-3DDD71B25689}.Debug|Any CPU.Build.0 = Debug|Any CPU
		{01780954-E4DF-4A9E-81D2-3DDD71B25689}.Release|Any CPU.ActiveCfg = Release|Any CPU
		{01780954-E4DF-4A9E-81D2-3DDD71B25689}.Release|Any CPU.Build.0 = Release|Any CPU
		{7592CE55-DC16-4A7E-BC5E-C868B7B21323}.Debug|Any CPU.ActiveCfg = Debug|Any CPU
		{7592CE55-DC16-4A7E-BC5E-C868B7B21323}.Debug|Any CPU.Build.0 = Debug|Any CPU
		{7592CE55-DC16-4A7E-BC5E-C868B7B21323}.Release|Any CPU.ActiveCfg = Release|Any CPU
		{7592CE55-DC16-4A7E-BC5E-C868B7B21323}.Release|Any CPU.Build.0 = Release|Any CPU
		{5AF983AE-8D6A-4D26-AA1D-DD3F3FC0E4A2}.Debug|Any CPU.ActiveCfg = Debug|Any CPU
		{5AF983AE-8D6A-4D26-AA1D-DD3F3FC0E4A2}.Debug|Any CPU.Build.0 = Debug|Any CPU
		{5AF983AE-8D6A-4D26-AA1D-DD3F3FC0E4A2}.Release|Any CPU.ActiveCfg = Release|Any CPU
		{5AF983AE-8D6A-4D26-AA1D-DD3F3FC0E4A2}.Release|Any CPU.Build.0 = Release|Any CPU
		{B2D0CC9E-4618-4D85-A0FF-5FC24D29ED46}.Debug|Any CPU.ActiveCfg = Debug|Any CPU
		{B2D0CC9E-4618-4D85-A0FF-5FC24D29ED46}.Debug|Any CPU.Build.0 = Debug|Any CPU
		{B2D0CC9E-4618-4D85-A0FF-5FC24D29ED46}.Release|Any CPU.ActiveCfg = Release|Any CPU
		{B2D0CC9E-4618-4D85-A0FF-5FC24D29ED46}.Release|Any CPU.Build.0 = Release|Any CPU
		{E18923BB-5B96-416F-A8FD-91D8E4520707}.Debug|Any CPU.ActiveCfg = Debug|Any CPU
		{E18923BB-5B96-416F-A8FD-91D8E4520707}.Debug|Any CPU.Build.0 = Debug|Any CPU
		{E18923BB-5B96-416F-A8FD-91D8E4520707}.Release|Any CPU.ActiveCfg = Release|Any CPU
		{E18923BB-5B96-416F-A8FD-91D8E4520707}.Release|Any CPU.Build.0 = Release|Any CPU
		{AD124C80-698D-4C6A-A60B-DCA19308443C}.Debug|Any CPU.ActiveCfg = Debug|Any CPU
		{AD124C80-698D-4C6A-A60B-DCA19308443C}.Debug|Any CPU.Build.0 = Debug|Any CPU
		{AD124C80-698D-4C6A-A60B-DCA19308443C}.Release|Any CPU.ActiveCfg = Release|Any CPU
		{AD124C80-698D-4C6A-A60B-DCA19308443C}.Release|Any CPU.Build.0 = Release|Any CPU
		{D79D0546-41AB-4A07-A862-AD127A58CFFC}.Debug|Any CPU.ActiveCfg = Debug|Any CPU
		{D79D0546-41AB-4A07-A862-AD127A58CFFC}.Debug|Any CPU.Build.0 = Debug|Any CPU
		{D79D0546-41AB-4A07-A862-AD127A58CFFC}.Release|Any CPU.ActiveCfg = Release|Any CPU
		{D79D0546-41AB-4A07-A862-AD127A58CFFC}.Release|Any CPU.Build.0 = Release|Any CPU
	EndGlobalSection
	GlobalSection(SolutionProperties) = preSolution
		HideSolutionNode = FALSE
	EndGlobalSection
	GlobalSection(ExtensibilityGlobals) = postSolution
		SolutionGuid = {BBC4F957-57A5-4DF3-B6D3-0D957E4EB1D8}
	EndGlobalSection
EndGlobal
